{
  "name": "isdi-bootcamp-202405",
  "lockfileVersion": 3,
  "requires": true,
  "packages": {
    "": {
      "dependencies": {
        "lottie-react": "^2.4.0"
      }
    },
    "node_modules/@popperjs/core": {
      "version": "2.11.8",
      "resolved": "https://registry.npmjs.org/@popperjs/core/-/core-2.11.8.tgz",
      "integrity": "sha512-P1st0aksCrn9sGZhp8GMYwBnQsbvAWsZAX44oXNNvLHGqAOcoVxmjZiohstwQ7SqKnbR47akdNi+uleWD8+g6A==",
      "funding": {
        "type": "opencollective",
        "url": "https://opencollective.com/popperjs"
      }
    },
    "node_modules/@tabler/core": {
      "version": "1.0.0-beta21",
      "resolved": "https://registry.npmjs.org/@tabler/core/-/core-1.0.0-beta21.tgz",
      "integrity": "sha512-9ZKu38BScc0eHruhX/SlVDSiXenBFSgBp2WDq6orkuC8J/1yutKDt7CdXuJpBwkiADEk5yqYV31Ku+CnhwOc3Q==",
      "dependencies": {
        "@popperjs/core": "^2.11.8",
        "@tabler/icons": "^3.14.0",
        "bootstrap": "5.3.3"
      },
      "engines": {
        "node": ">=18"
      },
      "funding": {
        "type": "github",
        "url": "https://github.com/sponsors/codecalm"
      },
      "peerDependencies": {
        "@melloware/coloris": "^0.19.1",
        "apexcharts": "^3.40.0",
        "autosize": "^6.0.1",
        "choices.js": "^10.2.0",
        "countup.js": "^2.6.2",
        "dropzone": "^6.0.0-beta.2",
        "flatpickr": "^4.6.13",
        "fslightbox": "^3.4.1",
        "imask": "^6.6.1",
        "jsvectormap": "^1.5.3",
        "list.js": "^2.3.1",
        "litepicker": "^2.0.12",
        "nouislider": "^15.7.0",
        "plyr": "^3.7.8",
        "star-rating.js": "^4.3.0",
        "tinymce": "^6.4.2 || ^7.0.0",
        "tom-select": "^2.2.2"
      },
      "peerDependenciesMeta": {
        "@melloware/coloris": {
          "optional": true
        },
        "apexcharts": {
          "optional": true
        },
        "autosize": {
          "optional": true
        },
        "choices.js": {
          "optional": true
        },
        "countup.js": {
          "optional": true
        },
        "dropzone": {
          "optional": true
        },
        "flatpickr": {
          "optional": true
        },
        "fslightbox": {
          "optional": true
        },
        "imask": {
          "optional": true
        },
        "jsvectormap": {
          "optional": true
        },
        "list.js": {
          "optional": true
        },
        "litepicker": {
          "optional": true
        },
        "nouislider": {
          "optional": true
        },
        "plyr": {
          "optional": true
        },
        "star-rating.js": {
          "optional": true
        },
        "tinymce": {
          "optional": true
        },
        "tom-select": {
          "optional": true
        }
      }
    },
    "node_modules/@tabler/icons": {
      "version": "3.15.0",
      "resolved": "https://registry.npmjs.org/@tabler/icons/-/icons-3.15.0.tgz",
      "integrity": "sha512-Pzo7g8znsCgCcnSLCfukEV+kcfr0/VjBoCLXJtrOtaY94gtvYjWC2hrKzazf511asUflRuk/+dxztdKYJgpe4g==",
      "funding": {
        "type": "github",
        "url": "https://github.com/sponsors/codecalm"
      }
    },
    "node_modules/bootstrap": {
      "version": "5.3.3",
      "resolved": "https://registry.npmjs.org/bootstrap/-/bootstrap-5.3.3.tgz",
      "integrity": "sha512-8HLCdWgyoMguSO9o+aH+iuZ+aht+mzW0u3HIMzVu7Srrpv7EBBxTnrFlSCskwdY1+EOFQSm7uMJhNQHkdPcmjg==",
      "funding": [
        {
          "type": "github",
          "url": "https://github.com/sponsors/twbs"
        },
        {
          "type": "opencollective",
          "url": "https://opencollective.com/bootstrap"
        }
      ],
      "peerDependencies": {
        "@popperjs/core": "^2.11.8"
      }
    },
    "node_modules/js-tokens": {
      "version": "4.0.0",
      "resolved": "https://registry.npmjs.org/js-tokens/-/js-tokens-4.0.0.tgz",
      "integrity": "sha512-RdJUflcE3cUzKiMqQgsCu06FPu9UdIJO0beYbPhHN4k6apgJtifcoCtT9bcxOpYBtpD2kCM6Sbzg4CausW/PKQ==",
      "peer": true
    },
    "node_modules/loose-envify": {
      "version": "1.4.0",
      "resolved": "https://registry.npmjs.org/loose-envify/-/loose-envify-1.4.0.tgz",
      "integrity": "sha512-lyuxPGr/Wfhrlem2CL/UcnUc1zcqKAImBDzukY7Y5F/yQiNdko6+fRLevlw1HgMySw7f611UIY408EtxRSoK3Q==",
      "peer": true,
      "dependencies": {
        "js-tokens": "^3.0.0 || ^4.0.0"
      },
      "bin": {
        "loose-envify": "cli.js"
      }
    },
    "node_modules/lottie-react": {
      "version": "2.4.0",
      "resolved": "https://registry.npmjs.org/lottie-react/-/lottie-react-2.4.0.tgz",
      "integrity": "sha512-pDJGj+AQlnlyHvOHFK7vLdsDcvbuqvwPZdMlJ360wrzGFurXeKPr8SiRCjLf3LrNYKANQtSsh5dz9UYQHuqx4w==",
      "dependencies": {
        "lottie-web": "^5.10.2"
      },
      "peerDependencies": {
        "react": "^16.8.0 || ^17.0.0 || ^18.0.0",
        "react-dom": "^16.8.0 || ^17.0.0 || ^18.0.0"
      }
    },
    "node_modules/lottie-web": {
      "version": "5.12.2",
      "resolved": "https://registry.npmjs.org/lottie-web/-/lottie-web-5.12.2.tgz",
      "integrity": "sha512-uvhvYPC8kGPjXT3MyKMrL3JitEAmDMp30lVkuq/590Mw9ok6pWcFCwXJveo0t5uqYw1UREQHofD+jVpdjBv8wg=="
    },
    "node_modules/react": {
      "version": "18.3.1",
      "resolved": "https://registry.npmjs.org/react/-/react-18.3.1.tgz",
      "integrity": "sha512-wS+hAgJShR0KhEvPJArfuPVN1+Hz1t0Y6n5jLrGQbkb4urgPE/0Rve+1kMB1v/oWgHgm4WIcV+i7F2pTVj+2iQ==",
      "peer": true,
      "dependencies": {
        "loose-envify": "^1.1.0"
      },
      "engines": {
        "node": ">=0.10.0"
      }
    },
    "node_modules/react-dom": {
      "version": "18.3.1",
      "resolved": "https://registry.npmjs.org/react-dom/-/react-dom-18.3.1.tgz",
      "integrity": "sha512-5m4nQKp+rZRb09LNH59GM4BxTh9251/ylbKIbpe7TpGxfJ+9kv6BLkLBXIjjspbgbnIBNqlI23tRnTWT0snUIw==",
      "peer": true,
      "dependencies": {
        "loose-envify": "^1.1.0",
        "scheduler": "^0.23.2"
      },
      "peerDependencies": {
        "react": "^18.3.1"
      }
    },
    "node_modules/scheduler": {
      "version": "0.23.2",
      "resolved": "https://registry.npmjs.org/scheduler/-/scheduler-0.23.2.tgz",
      "integrity": "sha512-UOShsPwz7NrMUqhR6t0hWjFduvOzbtv7toDH1/hIrfRNIDBnnBWd0CwJTGvTpngVlmwGCdP9/Zl/tVrDqcuYzQ==",
      "peer": true,
      "dependencies": {
        "loose-envify": "^1.1.0"
      }
    }
  }
}